
Microsoft Visual Studio Solution File, Format Version 12.00
# Visual Studio Version 17
VisualStudioVersion = 17.9.34728.123
MinimumVisualStudioVersion = 10.0.40219.1
Project("{FAE04EC0-301F-11D3-BF4B-00C04F79EFBC}") = "Quản lý quán caffe", "Quản lý quán caffe\Quản lý quán caffe.csproj", "{F9A7F4F9-CD39-4EAB-A5D5-FE67D254C8D8}"
EndProject
Global
	GlobalSection(SolutionConfigurationPlatforms) = preSolution
		Debug|Any CPU = Debug|Any CPU
		Release|Any CPU = Release|Any CPU
	EndGlobalSection
	GlobalSection(ProjectConfigurationPlatforms) = postSolution
		{F9A7F4F9-CD39-4EAB-A5D5-FE67D254C8D8}.Debug|Any CPU.ActiveCfg = Debug|Any CPU
		{F9A7F4F9-CD39-4EAB-A5D5-FE67D254C8D8}.Debug|Any CPU.Build.0 = Debug|Any CPU
		{F9A7F4F9-CD39-4EAB-A5D5-FE67D254C8D8}.Release|Any CPU.ActiveCfg = Release|Any CPU
		{F9A7F4F9-CD39-4EAB-A5D5-FE67D254C8D8}.Release|Any CPU.Build.0 = Release|Any CPU
	EndGlobalSection
	GlobalSection(SolutionProperties) = preSolution
		HideSolutionNode = FALSE
	EndGlobalSection
	GlobalSection(ExtensibilityGlobals) = postSolution
		SolutionGuid = {F5372F05-F77F-407B-8A84-CEBF3F823ED0}
	EndGlobalSection
EndGlobal
